
Microsoft Visual Studio Solution File, Format Version 12.00
# Visual Studio Version 16
VisualStudioVersion = 16.0.32413.511
MinimumVisualStudioVersion = 10.0.40219.1
Project("{FAE04EC0-301F-11D3-BF4B-00C04F79EFBC}") = "kelompok myklass", "kelompok myklass\kelompok myklass.csproj", "{64BDEDC0-EEA1-4B4B-AD5F-496F2B786A43}"
EndProject
Global
	GlobalSection(SolutionConfigurationPlatforms) = preSolution
		Debug|Any CPU = Debug|Any CPU
		Release|Any CPU = Release|Any CPU
	EndGlobalSection
	GlobalSection(ProjectConfigurationPlatforms) = postSolution
		{64BDEDC0-EEA1-4B4B-AD5F-496F2B786A43}.Debug|Any CPU.ActiveCfg = Debug|Any CPU
		{64BDEDC0-EEA1-4B4B-AD5F-496F2B786A43}.Debug|Any CPU.Build.0 = Debug|Any CPU
		{64BDEDC0-EEA1-4B4B-AD5F-496F2B786A43}.Release|Any CPU.ActiveCfg = Release|Any CPU
		{64BDEDC0-EEA1-4B4B-AD5F-496F2B786A43}.Release|Any CPU.Build.0 = Release|Any CPU
	EndGlobalSection
	GlobalSection(SolutionProperties) = preSolution
		HideSolutionNode = FALSE
	EndGlobalSection
	GlobalSection(ExtensibilityGlobals) = postSolution
		SolutionGuid = {A855D4A0-8516-4296-ACBE-FAEDCFEFA874}
	EndGlobalSection
EndGlobal
